<?xml version="1.0" encoding="utf-8"?>
<Project ToolsVersion="4.0" xmlns="http://schemas.microsoft.com/developer/msbuild/2003">
  <ItemGroup>
    <ClCompile Include="render_ogl3.cpp" />
    <ClCompile Include="pch.cpp">
      <Filter>core</Filter>
    </ClCompile>
    <ClCompile Include="dllmain.cpp">
      <Filter>core</Filter>
    </ClCompile>
    <ClCompile Include="stage.cpp">
      <Filter>scene_render\stages</Filter>
    </ClCompile>
    <ClCompile Include="gl4_external.cpp">
      <Filter>misc</Filter>
    </ClCompile>
    <ClCompile Include="gl4_entry_point.cpp">
      <Filter>misc</Filter>
    </ClCompile>
    <ClCompile Include="..\..\common\sources\hw_wrapper_gl4.cpp">
      <Filter>render_common\hw_wrapper</Filter>
    </ClCompile>
    <ClCompile Include="visual.cpp">
      <Filter>objects</Filter>
    </ClCompile>
    <ClCompile Include="model_manager.cpp">
      <Filter>objects</Filter>
    </ClCompile>
    <ClCompile Include="..\..\common\sources\renderer.cpp">
      <Filter>world\renderer</Filter>
    </ClCompile>
    <ClCompile Include="..\..\facade\sources\render_stage_type.cpp">
      <Filter>include\facade</Filter>
    </ClCompile>
    <ClCompile Include="..\..\common\sources\scene.cpp">
      <Filter>resources\scene</Filter>
    </ClCompile>
    <ClCompile Include="..\..\common\sources\render_model.cpp">
      <Filter>resources\model\render_models\base</Filter>
    </ClCompile>
    <ClCompile Include="..\..\common\sources\stage_gbuffer.cpp">
      <Filter>world\renderer\stages\g_stage</Filter>
    </ClCompile>
    <ClCompile Include="..\..\common\sources\hw_wrapper_base_gl4_win_winapi.cpp">
      <Filter>render_common\win</Filter>
    </ClCompile>
    <ClCompile Include="system_render.cpp" />
    <ClCompile Include="..\..\common\sources\scene_view.cpp">
      <Filter>resources\scene</Filter>
    </ClCompile>
    <ClCompile Include="renderer_context.cpp">
      <Filter>world\renderer</Filter>
    </ClCompile>
  </ItemGroup>
  <ItemGroup>
    <ClInclude Include="targetver.h" />
    <ClInclude Include="pch.h">
      <Filter>core</Filter>
    </ClInclude>
    <ClInclude Include="..\..\common\sources\hw_wrapper.h">
      <Filter>render_common\hw_wrapper</Filter>
    </ClInclude>
    <ClInclude Include="..\..\common\sources\hw_wrapper_base_gl4.h">
      <Filter>render_common\hw_wrapper</Filter>
    </ClInclude>
    <ClInclude Include="..\..\common\sources\hw_wrapper_inline.h">
      <Filter>render_common\hw_wrapper\hw_caps</Filter>
    </ClInclude>
    <ClInclude Include="stage.h">
      <Filter>scene_render\stages</Filter>
    </ClInclude>
    <ClInclude Include="scene_context.h">
      <Filter>scene_render\stages</Filter>
    </ClInclude>
    <ClInclude Include="..\renderer.h">
      <Filter>include\gl4</Filter>
    </ClInclude>
    <ClInclude Include="..\gl4_extensions.h">
      <Filter>misc</Filter>
    </ClInclude>
    <ClInclude Include="..\gl4_external.h">
      <Filter>misc</Filter>
    </ClInclude>
    <ClInclude Include="visual.h">
      <Filter>objects</Filter>
    </ClInclude>
    <ClInclude Include="..\..\common\sources\res_shader.h">
      <Filter>resources</Filter>
    </ClInclude>
    <ClInclude Include="model_manager.h">
      <Filter>objects</Filter>
    </ClInclude>
    <ClInclude Include="..\..\core\quasi_singleton.h">
      <Filter>core</Filter>
    </ClInclude>
    <ClInclude Include="..\..\common\renderer.h">
      <Filter>world\renderer</Filter>
    </ClInclude>
    <ClInclude Include="..\..\facade\render_stage_type.h">
      <Filter>include\facade</Filter>
    </ClInclude>
    <ClInclude Include="..\..\base\base_classes.h">
      <Filter>include</Filter>
    </ClInclude>
    <ClInclude Include="..\..\common\stage.h">
      <Filter>world\renderer\stages</Filter>
    </ClInclude>
    <ClInclude Include="..\..\common\scene.h">
      <Filter>resources\scene</Filter>
    </ClInclude>
    <ClInclude Include="..\..\core\vertex_colored.h">
      <Filter>include</Filter>
    </ClInclude>
    <ClInclude Include="..\..\common\render_model.h">
      <Filter>resources\model\render_models\base</Filter>
    </ClInclude>
    <ClInclude Include="..\..\common\stage_gbuffer.h">
      <Filter>world\renderer\stages\g_stage</Filter>
    </ClInclude>
    <ClInclude Include="..\..\core\model.h">
      <Filter>include\facade</Filter>
    </ClInclude>
    <ClInclude Include="..\..\common\sources\hw_wrapper_base_gl4_win_winapi.h">
      <Filter>render_common\win</Filter>
    </ClInclude>
    <ClInclude Include="..\..\common\sources\system_render.h" />
    <ClInclude Include="..\..\common\scene_view.h">
      <Filter>resources\scene</Filter>
    </ClInclude>
    <ClInclude Include="..\..\common\sources\camera.h" />
    <ClInclude Include="renderer_context.h">
      <Filter>world\renderer</Filter>
    </ClInclude>
  </ItemGroup>
  <ItemGroup>
    <Text Include="ReadMe.txt" />
  </ItemGroup>
  <ItemGroup>
    <Filter Include="core">
      <UniqueIdentifier>{b205c6a7-337f-4b3d-9250-97b9e609ae2d}</UniqueIdentifier>
    </Filter>
    <Filter Include="render_common">
      <UniqueIdentifier>{283bf03e-c286-4637-85d2-26d5d385aceb}</UniqueIdentifier>
    </Filter>
    <Filter Include="render_common\hw_wrapper">
      <UniqueIdentifier>{430ecbe3-0455-4690-8bd9-d6a6f2d3c33b}</UniqueIdentifier>
    </Filter>
    <Filter Include="render_common\hw_wrapper\hw_caps">
      <UniqueIdentifier>{ee4edfb9-532f-4817-a304-c323481f532a}</UniqueIdentifier>
    </Filter>
    <Filter Include="scene_render">
      <UniqueIdentifier>{8d4476a8-188d-436e-8f57-9e8558476057}</UniqueIdentifier>
    </Filter>
    <Filter Include="scene_render\stages">
      <UniqueIdentifier>{decc0aa8-09f1-4b99-987d-1bf14297419b}</UniqueIdentifier>
    </Filter>
    <Filter Include="include">
      <UniqueIdentifier>{085f1c63-e452-4dc0-9ca3-cf334fb1bbf9}</UniqueIdentifier>
    </Filter>
    <Filter Include="include\gl4">
      <UniqueIdentifier>{28da3e22-bf7e-4b66-bc36-3ecbbf24ace5}</UniqueIdentifier>
    </Filter>
    <Filter Include="misc">
      <UniqueIdentifier>{3e438818-49c6-41b3-8f8c-7887ff8d6b93}</UniqueIdentifier>
    </Filter>
    <Filter Include="objects">
      <UniqueIdentifier>{d97d0082-8af3-4143-b7f0-9421ce156b31}</UniqueIdentifier>
    </Filter>
    <Filter Include="resources">
      <UniqueIdentifier>{78ce5553-b480-4dc0-b450-33788fb07c70}</UniqueIdentifier>
    </Filter>
    <Filter Include="world">
      <UniqueIdentifier>{d964ad95-90d2-4f54-b42e-0c14f95dacaf}</UniqueIdentifier>
    </Filter>
    <Filter Include="world\renderer">
      <UniqueIdentifier>{b560c033-a126-45cd-b7f7-b540deec1aa3}</UniqueIdentifier>
    </Filter>
    <Filter Include="world\renderer\stages">
      <UniqueIdentifier>{53dd90aa-994f-4e76-9ff7-57841ad8cbb9}</UniqueIdentifier>
    </Filter>
    <Filter Include="include\facade">
      <UniqueIdentifier>{6b543620-eb8b-462e-82aa-65db6de67593}</UniqueIdentifier>
    </Filter>
    <Filter Include="world\renderer\stages\g_stage">
      <UniqueIdentifier>{1cecd3a9-18ff-426e-b0fc-301f14a57eb7}</UniqueIdentifier>
    </Filter>
    <Filter Include="resources\scene">
      <UniqueIdentifier>{d03c7db2-58a5-49e0-9ae6-dcb53e79e103}</UniqueIdentifier>
    </Filter>
    <Filter Include="resources\model">
      <UniqueIdentifier>{6dcf5ede-d8a6-4232-a89b-42d67dd3d169}</UniqueIdentifier>
    </Filter>
    <Filter Include="resources\model\render_models">
      <UniqueIdentifier>{49d4e3f5-915a-4a07-b4fd-f94f438f0fd4}</UniqueIdentifier>
    </Filter>
    <Filter Include="resources\model\render_models\base">
      <UniqueIdentifier>{1f5d6a24-ce15-4fd3-a6f5-7bea572ef655}</UniqueIdentifier>
    </Filter>
    <Filter Include="resources\model\render_models\base\cook">
      <UniqueIdentifier>{c489c079-963b-4ed0-a864-b73de9a5e04d}</UniqueIdentifier>
    </Filter>
    <Filter Include="core\resources">
      <UniqueIdentifier>{41c7c9ce-6003-488f-a51e-3800e8032190}</UniqueIdentifier>
    </Filter>
    <Filter Include="render_common\win">
      <UniqueIdentifier>{59813bf9-8112-4606-8781-06f4f38f6d7f}</UniqueIdentifier>
    </Filter>
  </ItemGroup>
  <ItemGroup>
    <None Include="cpp.hint" />
  </ItemGroup>
</Project>