<?xml version="1.0" encoding="utf-8"?>
<Project ToolsVersion="4.0" xmlns="http://schemas.microsoft.com/developer/msbuild/2003">
  <ItemGroup>
    <Filter Include="Resource Files">
      <UniqueIdentifier>{67DA6AB6-F800-4c08-8B7A-83BB121AAD01}</UniqueIdentifier>
      <Extensions>rc;ico;cur;bmp;dlg;rc2;rct;bin;rgs;gif;jpg;jpeg;jpe;resx;tiff;tif;png;wav;mfcribbon-ms</Extensions>
    </Filter>
  </ItemGroup>
  <ItemGroup>
    <Text Include="ReadMe.txt" />
  </ItemGroup>
  <ItemGroup>
    <ClInclude Include="..\..\game_module_proxy.h" />
    <ClInclude Include="game_pc.h" />
    <ClInclude Include="game_pc_application.h" />
    <ClInclude Include="pch.h" />
    <ClInclude Include="Resource.h" />
    <ClInclude Include="targetver.h" />
  </ItemGroup>
  <ItemGroup>
    <ClCompile Include="game_pc_application.cpp" />
    <ClCompile Include="game_pc_application_win.cpp" />
    <ClCompile Include="pch.cpp" />
    <ClCompile Include="game_pc_entry_point_win.cpp" />
  </ItemGroup>
  <ItemGroup>
    <ResourceCompile Include="game_pc.rc">
      <Filter>Resource Files</Filter>
    </ResourceCompile>
  </ItemGroup>
  <ItemGroup>
    <Image Include="small.ico">
      <Filter>Resource Files</Filter>
    </Image>
    <Image Include="game_pc.ico">
      <Filter>Resource Files</Filter>
    </Image>
  </ItemGroup>
</Project>